
Microsoft Visual Studio Solution File, Format Version 12.00
# Visual Studio Version 17
VisualStudioVersion = 17.3.32929.385
MinimumVisualStudioVersion = 10.0.40219.1
Project("{FAE04EC0-301F-11D3-BF4B-00C04F79EFBC}") = "ISpan.DessertShop.WinApp", "ISpan.DessertShop.TinaWinForms\ISpan.DessertShop.WinApp.csproj", "{2C11FA4F-27EF-4D52-9867-4A7E6E66756D}"
EndProject
Project("{FAE04EC0-301F-11D3-BF4B-00C04F79EFBC}") = "ISpan.DessertStore.SqlDataLayer", "ISpan.DessertStore.SqlDataLayer\ISpan.DessertStore.SqlDataLayer.csproj", "{28087887-554D-4EFA-8CD6-D417409B5BF4}"
EndProject
Global
	GlobalSection(SolutionConfigurationPlatforms) = preSolution
		Debug|Any CPU = Debug|Any CPU
		Release|Any CPU = Release|Any CPU
	EndGlobalSection
	GlobalSection(ProjectConfigurationPlatforms) = postSolution
		{2C11FA4F-27EF-4D52-9867-4A7E6E66756D}.Debug|Any CPU.ActiveCfg = Debug|Any CPU
		{2C11FA4F-27EF-4D52-9867-4A7E6E66756D}.Debug|Any CPU.Build.0 = Debug|Any CPU
		{2C11FA4F-27EF-4D52-9867-4A7E6E66756D}.Release|Any CPU.ActiveCfg = Release|Any CPU
		{2C11FA4F-27EF-4D52-9867-4A7E6E66756D}.Release|Any CPU.Build.0 = Release|Any CPU
		{28087887-554D-4EFA-8CD6-D417409B5BF4}.Debug|Any CPU.ActiveCfg = Debug|Any CPU
		{28087887-554D-4EFA-8CD6-D417409B5BF4}.Debug|Any CPU.Build.0 = Debug|Any CPU
		{28087887-554D-4EFA-8CD6-D417409B5BF4}.Release|Any CPU.ActiveCfg = Release|Any CPU
		{28087887-554D-4EFA-8CD6-D417409B5BF4}.Release|Any CPU.Build.0 = Release|Any CPU
	EndGlobalSection
	GlobalSection(SolutionProperties) = preSolution
		HideSolutionNode = FALSE
	EndGlobalSection
	GlobalSection(ExtensibilityGlobals) = postSolution
		SolutionGuid = {5A3B6507-D572-4E44-AFE8-A148700B3CC7}
	EndGlobalSection
EndGlobal
